
Microsoft Visual Studio Solution File, Format Version 12.00
# Visual Studio 14
VisualStudioVersion = 14.0.23107.0
MinimumVisualStudioVersion = 10.0.40219.1
Project("{FAE04EC0-301F-11D3-BF4B-00C04F79EFBC}") = "Microsoft.IoT.Bulbs", "samples\Microsoft.IoT.Bulbs\Microsoft.IoT.Bulbs.csproj", "{BD83B903-723F-4BB1-985E-AA049CD40F04}"
EndProject
Project("{2150E333-8FDC-42A3-9474-1A3956D46DE8}") = ".libs", ".libs", "{4521D596-188B-4DC2-8A84-852E2D9319D5}"
EndProject
Project("{FAE04EC0-301F-11D3-BF4B-00C04F79EFBC}") = "OneCore.Hardware.Lifx.Universal", "src\OneCore.Hardware.Lifx.Universal.csproj", "{6E8C03B7-C705-487D-85F7-0D1BC9C75F12}"
EndProject
Project("{FAE04EC0-301F-11D3-BF4B-00C04F79EFBC}") = "[Portable]OneCore.Hardware.Lifx", "..\Shared\[Portable]OneCore.Hardware.Lifx.csproj", "{DC8C61B3-F831-47BE-83EE-FC1AAEBFD6D1}"
EndProject
Project("{FAE04EC0-301F-11D3-BF4B-00C04F79EFBC}") = "Microsoft.Iot.Extended", "..\..\..\Microsoft.Iot.Extended\Microsoft.Iot.Extended.csproj", "{4ABA6220-2E16-4096-B40A-BBFFEF5158C4}"
EndProject
Global
	GlobalSection(SolutionConfigurationPlatforms) = preSolution
		Debug|Any CPU = Debug|Any CPU
		Debug|ARM = Debug|ARM
		Debug|x64 = Debug|x64
		Debug|x86 = Debug|x86
		Release|Any CPU = Release|Any CPU
		Release|ARM = Release|ARM
		Release|x64 = Release|x64
		Release|x86 = Release|x86
	EndGlobalSection
	GlobalSection(ProjectConfigurationPlatforms) = postSolution
		{BD83B903-723F-4BB1-985E-AA049CD40F04}.Debug|Any CPU.ActiveCfg = Debug|x64
		{BD83B903-723F-4BB1-985E-AA049CD40F04}.Debug|Any CPU.Build.0 = Debug|x64
		{BD83B903-723F-4BB1-985E-AA049CD40F04}.Debug|Any CPU.Deploy.0 = Debug|x64
		{BD83B903-723F-4BB1-985E-AA049CD40F04}.Debug|ARM.ActiveCfg = Debug|ARM
		{BD83B903-723F-4BB1-985E-AA049CD40F04}.Debug|ARM.Build.0 = Debug|ARM
		{BD83B903-723F-4BB1-985E-AA049CD40F04}.Debug|ARM.Deploy.0 = Debug|ARM
		{BD83B903-723F-4BB1-985E-AA049CD40F04}.Debug|x64.ActiveCfg = Debug|x64
		{BD83B903-723F-4BB1-985E-AA049CD40F04}.Debug|x64.Build.0 = Debug|x64
		{BD83B903-723F-4BB1-985E-AA049CD40F04}.Debug|x64.Deploy.0 = Debug|x64
		{BD83B903-723F-4BB1-985E-AA049CD40F04}.Debug|x86.ActiveCfg = Debug|x86
		{BD83B903-723F-4BB1-985E-AA049CD40F04}.Debug|x86.Build.0 = Debug|x86
		{BD83B903-723F-4BB1-985E-AA049CD40F04}.Debug|x86.Deploy.0 = Debug|x86
		{BD83B903-723F-4BB1-985E-AA049CD40F04}.Release|Any CPU.ActiveCfg = Release|x86
		{BD83B903-723F-4BB1-985E-AA049CD40F04}.Release|ARM.ActiveCfg = Release|ARM
		{BD83B903-723F-4BB1-985E-AA049CD40F04}.Release|ARM.Build.0 = Release|ARM
		{BD83B903-723F-4BB1-985E-AA049CD40F04}.Release|ARM.Deploy.0 = Release|ARM
		{BD83B903-723F-4BB1-985E-AA049CD40F04}.Release|x64.ActiveCfg = Release|x64
		{BD83B903-723F-4BB1-985E-AA049CD40F04}.Release|x64.Build.0 = Release|x64
		{BD83B903-723F-4BB1-985E-AA049CD40F04}.Release|x64.Deploy.0 = Release|x64
		{BD83B903-723F-4BB1-985E-AA049CD40F04}.Release|x86.ActiveCfg = Release|x86
		{BD83B903-723F-4BB1-985E-AA049CD40F04}.Release|x86.Build.0 = Release|x86
		{BD83B903-723F-4BB1-985E-AA049CD40F04}.Release|x86.Deploy.0 = Release|x86
		{6E8C03B7-C705-487D-85F7-0D1BC9C75F12}.Debug|Any CPU.ActiveCfg = Debug|Any CPU
		{6E8C03B7-C705-487D-85F7-0D1BC9C75F12}.Debug|Any CPU.Build.0 = Debug|Any CPU
		{6E8C03B7-C705-487D-85F7-0D1BC9C75F12}.Debug|ARM.ActiveCfg = Debug|ARM
		{6E8C03B7-C705-487D-85F7-0D1BC9C75F12}.Debug|ARM.Build.0 = Debug|ARM
		{6E8C03B7-C705-487D-85F7-0D1BC9C75F12}.Debug|x64.ActiveCfg = Debug|x64
		{6E8C03B7-C705-487D-85F7-0D1BC9C75F12}.Debug|x64.Build.0 = Debug|x64
		{6E8C03B7-C705-487D-85F7-0D1BC9C75F12}.Debug|x86.ActiveCfg = Debug|x86
		{6E8C03B7-C705-487D-85F7-0D1BC9C75F12}.Debug|x86.Build.0 = Debug|x86
		{6E8C03B7-C705-487D-85F7-0D1BC9C75F12}.Release|Any CPU.ActiveCfg = Release|Any CPU
		{6E8C03B7-C705-487D-85F7-0D1BC9C75F12}.Release|Any CPU.Build.0 = Release|Any CPU
		{6E8C03B7-C705-487D-85F7-0D1BC9C75F12}.Release|ARM.ActiveCfg = Release|ARM
		{6E8C03B7-C705-487D-85F7-0D1BC9C75F12}.Release|ARM.Build.0 = Release|ARM
		{6E8C03B7-C705-487D-85F7-0D1BC9C75F12}.Release|x64.ActiveCfg = Release|x64
		{6E8C03B7-C705-487D-85F7-0D1BC9C75F12}.Release|x64.Build.0 = Release|x64
		{6E8C03B7-C705-487D-85F7-0D1BC9C75F12}.Release|x86.ActiveCfg = Release|x86
		{6E8C03B7-C705-487D-85F7-0D1BC9C75F12}.Release|x86.Build.0 = Release|x86
		{DC8C61B3-F831-47BE-83EE-FC1AAEBFD6D1}.Debug|Any CPU.ActiveCfg = Debug|Any CPU
		{DC8C61B3-F831-47BE-83EE-FC1AAEBFD6D1}.Debug|Any CPU.Build.0 = Debug|Any CPU
		{DC8C61B3-F831-47BE-83EE-FC1AAEBFD6D1}.Debug|ARM.ActiveCfg = Debug|Any CPU
		{DC8C61B3-F831-47BE-83EE-FC1AAEBFD6D1}.Debug|ARM.Build.0 = Debug|Any CPU
		{DC8C61B3-F831-47BE-83EE-FC1AAEBFD6D1}.Debug|x64.ActiveCfg = Debug|Any CPU
		{DC8C61B3-F831-47BE-83EE-FC1AAEBFD6D1}.Debug|x64.Build.0 = Debug|Any CPU
		{DC8C61B3-F831-47BE-83EE-FC1AAEBFD6D1}.Debug|x86.ActiveCfg = Debug|Any CPU
		{DC8C61B3-F831-47BE-83EE-FC1AAEBFD6D1}.Debug|x86.Build.0 = Debug|Any CPU
		{DC8C61B3-F831-47BE-83EE-FC1AAEBFD6D1}.Release|Any CPU.ActiveCfg = Release|Any CPU
		{DC8C61B3-F831-47BE-83EE-FC1AAEBFD6D1}.Release|Any CPU.Build.0 = Release|Any CPU
		{DC8C61B3-F831-47BE-83EE-FC1AAEBFD6D1}.Release|ARM.ActiveCfg = Release|Any CPU
		{DC8C61B3-F831-47BE-83EE-FC1AAEBFD6D1}.Release|ARM.Build.0 = Release|Any CPU
		{DC8C61B3-F831-47BE-83EE-FC1AAEBFD6D1}.Release|x64.ActiveCfg = Release|Any CPU
		{DC8C61B3-F831-47BE-83EE-FC1AAEBFD6D1}.Release|x64.Build.0 = Release|Any CPU
		{DC8C61B3-F831-47BE-83EE-FC1AAEBFD6D1}.Release|x86.ActiveCfg = Release|Any CPU
		{DC8C61B3-F831-47BE-83EE-FC1AAEBFD6D1}.Release|x86.Build.0 = Release|Any CPU
		{4ABA6220-2E16-4096-B40A-BBFFEF5158C4}.Debug|Any CPU.ActiveCfg = Debug|Any CPU
		{4ABA6220-2E16-4096-B40A-BBFFEF5158C4}.Debug|Any CPU.Build.0 = Debug|Any CPU
		{4ABA6220-2E16-4096-B40A-BBFFEF5158C4}.Debug|ARM.ActiveCfg = Debug|ARM
		{4ABA6220-2E16-4096-B40A-BBFFEF5158C4}.Debug|ARM.Build.0 = Debug|ARM
		{4ABA6220-2E16-4096-B40A-BBFFEF5158C4}.Debug|x64.ActiveCfg = Debug|x64
		{4ABA6220-2E16-4096-B40A-BBFFEF5158C4}.Debug|x64.Build.0 = Debug|x64
		{4ABA6220-2E16-4096-B40A-BBFFEF5158C4}.Debug|x86.ActiveCfg = Debug|x86
		{4ABA6220-2E16-4096-B40A-BBFFEF5158C4}.Debug|x86.Build.0 = Debug|x86
		{4ABA6220-2E16-4096-B40A-BBFFEF5158C4}.Release|Any CPU.ActiveCfg = Release|Any CPU
		{4ABA6220-2E16-4096-B40A-BBFFEF5158C4}.Release|Any CPU.Build.0 = Release|Any CPU
		{4ABA6220-2E16-4096-B40A-BBFFEF5158C4}.Release|ARM.ActiveCfg = Release|ARM
		{4ABA6220-2E16-4096-B40A-BBFFEF5158C4}.Release|ARM.Build.0 = Release|ARM
		{4ABA6220-2E16-4096-B40A-BBFFEF5158C4}.Release|x64.ActiveCfg = Release|x64
		{4ABA6220-2E16-4096-B40A-BBFFEF5158C4}.Release|x64.Build.0 = Release|x64
		{4ABA6220-2E16-4096-B40A-BBFFEF5158C4}.Release|x86.ActiveCfg = Release|x86
		{4ABA6220-2E16-4096-B40A-BBFFEF5158C4}.Release|x86.Build.0 = Release|x86
	EndGlobalSection
	GlobalSection(SolutionProperties) = preSolution
		HideSolutionNode = FALSE
	EndGlobalSection
	GlobalSection(NestedProjects) = preSolution
		{6E8C03B7-C705-487D-85F7-0D1BC9C75F12} = {4521D596-188B-4DC2-8A84-852E2D9319D5}
		{DC8C61B3-F831-47BE-83EE-FC1AAEBFD6D1} = {4521D596-188B-4DC2-8A84-852E2D9319D5}
		{4ABA6220-2E16-4096-B40A-BBFFEF5158C4} = {4521D596-188B-4DC2-8A84-852E2D9319D5}
	EndGlobalSection
EndGlobal
